
Microsoft Visual Studio Solution File, Format Version 12.00
# Visual Studio Version 16
VisualStudioVersion = 16.0.31321.278
MinimumVisualStudioVersion = 10.0.40219.1
Project("{9A19103F-16F7-4668-BE54-9A1E7A4F7556}") = "OrderFactory.Nacha.Parser", "OrderFactory.Nacha.Parser\OrderFactory.Nacha.Parser.csproj", "{BD04BF27-CB83-4081-8CAD-693C7ABC2183}"
EndProject
Project("{9A19103F-16F7-4668-BE54-9A1E7A4F7556}") = "OrderFactory.Nacha.Parser.Tests", "OrderFactory.Nacha.Parser.Tests\OrderFactory.Nacha.Parser.Tests.csproj", "{55A0B98E-9EBD-46A1-BB26-285B59161545}"
EndProject
Project("{00D1A9C2-B5F0-4AF3-8072-F6C62B433612}") = "OrderFactory.Nacha.Database", "OrderFactory.Nacha.Database\OrderFactory.Nacha.Database.sqlproj", "{6F691277-FA74-4703-89C1-D0F81D74F250}"
EndProject
Project("{FAE04EC0-301F-11D3-BF4B-00C04F79EFBC}") = "OrderFactory.Nacha.Functions", "OrderFactory.Nacha.Functions\OrderFactory.Nacha.Functions.csproj", "{2EFA4307-E4C0-4C8F-9770-0878C7A91AF2}"
EndProject
Global
	GlobalSection(SolutionConfigurationPlatforms) = preSolution
		Debug|Any CPU = Debug|Any CPU
		Release|Any CPU = Release|Any CPU
	EndGlobalSection
	GlobalSection(ProjectConfigurationPlatforms) = postSolution
		{BD04BF27-CB83-4081-8CAD-693C7ABC2183}.Debug|Any CPU.ActiveCfg = Debug|Any CPU
		{BD04BF27-CB83-4081-8CAD-693C7ABC2183}.Debug|Any CPU.Build.0 = Debug|Any CPU
		{BD04BF27-CB83-4081-8CAD-693C7ABC2183}.Release|Any CPU.ActiveCfg = Release|Any CPU
		{BD04BF27-CB83-4081-8CAD-693C7ABC2183}.Release|Any CPU.Build.0 = Release|Any CPU
		{55A0B98E-9EBD-46A1-BB26-285B59161545}.Debug|Any CPU.ActiveCfg = Debug|Any CPU
		{55A0B98E-9EBD-46A1-BB26-285B59161545}.Debug|Any CPU.Build.0 = Debug|Any CPU
		{55A0B98E-9EBD-46A1-BB26-285B59161545}.Release|Any CPU.ActiveCfg = Release|Any CPU
		{55A0B98E-9EBD-46A1-BB26-285B59161545}.Release|Any CPU.Build.0 = Release|Any CPU
		{6F691277-FA74-4703-89C1-D0F81D74F250}.Debug|Any CPU.ActiveCfg = Debug|Any CPU
		{6F691277-FA74-4703-89C1-D0F81D74F250}.Debug|Any CPU.Build.0 = Debug|Any CPU
		{6F691277-FA74-4703-89C1-D0F81D74F250}.Debug|Any CPU.Deploy.0 = Debug|Any CPU
		{6F691277-FA74-4703-89C1-D0F81D74F250}.Release|Any CPU.ActiveCfg = Release|Any CPU
		{6F691277-FA74-4703-89C1-D0F81D74F250}.Release|Any CPU.Build.0 = Release|Any CPU
		{6F691277-FA74-4703-89C1-D0F81D74F250}.Release|Any CPU.Deploy.0 = Release|Any CPU
		{2EFA4307-E4C0-4C8F-9770-0878C7A91AF2}.Debug|Any CPU.ActiveCfg = Debug|Any CPU
		{2EFA4307-E4C0-4C8F-9770-0878C7A91AF2}.Debug|Any CPU.Build.0 = Debug|Any CPU
		{2EFA4307-E4C0-4C8F-9770-0878C7A91AF2}.Release|Any CPU.ActiveCfg = Release|Any CPU
		{2EFA4307-E4C0-4C8F-9770-0878C7A91AF2}.Release|Any CPU.Build.0 = Release|Any CPU
	EndGlobalSection
	GlobalSection(SolutionProperties) = preSolution
		HideSolutionNode = FALSE
	EndGlobalSection
	GlobalSection(ExtensibilityGlobals) = postSolution
		SolutionGuid = {7A547FA5-B80B-4D03-9D30-3E036FD5E4DA}
	EndGlobalSection
EndGlobal
